
Microsoft Visual Studio Solution File, Format Version 12.00
# Visual Studio Version 17
VisualStudioVersion = 17.2.32519.379
MinimumVisualStudioVersion = 10.0.40219.1
Project("{FAE04EC0-301F-11D3-BF4B-00C04F79EFBC}") = "MemoryGame", "MemoryGame\MemoryGame.csproj", "{A2B179E6-2968-4023-917F-2B22CBBDAF8E}"
EndProject
Global
	GlobalSection(SolutionConfigurationPlatforms) = preSolution
		Debug|Any CPU = Debug|Any CPU
		Release|Any CPU = Release|Any CPU
	EndGlobalSection
	GlobalSection(ProjectConfigurationPlatforms) = postSolution
		{A2B179E6-2968-4023-917F-2B22CBBDAF8E}.Debug|Any CPU.ActiveCfg = Debug|Any CPU
		{A2B179E6-2968-4023-917F-2B22CBBDAF8E}.Debug|Any CPU.Build.0 = Debug|Any CPU
		{A2B179E6-2968-4023-917F-2B22CBBDAF8E}.Release|Any CPU.ActiveCfg = Release|Any CPU
		{A2B179E6-2968-4023-917F-2B22CBBDAF8E}.Release|Any CPU.Build.0 = Release|Any CPU
	EndGlobalSection
	GlobalSection(SolutionProperties) = preSolution
		HideSolutionNode = FALSE
	EndGlobalSection
	GlobalSection(ExtensibilityGlobals) = postSolution
		SolutionGuid = {213CC0C4-F912-476B-99F4-018E29435F84}
	EndGlobalSection
EndGlobal
